
Microsoft Visual Studio Solution File, Format Version 12.00
# Visual Studio 15
VisualStudioVersion = 15.0.28307.329
MinimumVisualStudioVersion = 10.0.40219.1
Project("{FAE04EC0-301F-11D3-BF4B-00C04F79EFBC}") = "TestnN", "TestnN\TestnN.csproj", "{476EE8C0-7164-4054-AFD1-69008B774913}"
EndProject
Global
	GlobalSection(SolutionConfigurationPlatforms) = preSolution
		Debug|Any CPU = Debug|Any CPU
		Release|Any CPU = Release|Any CPU
	EndGlobalSection
	GlobalSection(ProjectConfigurationPlatforms) = postSolution
		{476EE8C0-7164-4054-AFD1-69008B774913}.Debug|Any CPU.ActiveCfg = Debug|Any CPU
		{476EE8C0-7164-4054-AFD1-69008B774913}.Debug|Any CPU.Build.0 = Debug|Any CPU
		{476EE8C0-7164-4054-AFD1-69008B774913}.Release|Any CPU.ActiveCfg = Release|Any CPU
		{476EE8C0-7164-4054-AFD1-69008B774913}.Release|Any CPU.Build.0 = Release|Any CPU
	EndGlobalSection
	GlobalSection(SolutionProperties) = preSolution
		HideSolutionNode = FALSE
	EndGlobalSection
	GlobalSection(ExtensibilityGlobals) = postSolution
		SolutionGuid = {6831D26A-B33B-4CF5-952E-AA10B95BE2CF}
	EndGlobalSection
EndGlobal
